// !$*UTF8*$!
{
	archiveVersion = 1;
	classes = {
	};
	objectVersion = 46;
	objects = {

/* Begin PBXBuildFile section */
		57638FED1E3FCD190078248D /* PartyEventsTableViewController.swift in Sources */ = {isa = PBXBuildFile; fileRef = 57638FEC1E3FCD190078248D /* PartyEventsTableViewController.swift */; };
		5766BF741E44C6590005F366 /* MessageType.swift in Sources */ = {isa = PBXBuildFile; fileRef = 5766BF731E44C6590005F366 /* MessageType.swift */; };
		576726F51E3F638100DCC5CC /* MusicPlayerSingleton.swift in Sources */ = {isa = PBXBuildFile; fileRef = 576726F41E3F638100DCC5CC /* MusicPlayerSingleton.swift */; };
		576755181E393D8400D0CB4F /* CreatePartyViewController.swift in Sources */ = {isa = PBXBuildFile; fileRef = 576755171E393D8400D0CB4F /* CreatePartyViewController.swift */; };
		5767551E1E3941E100D0CB4F /* PartyEvent.swift in Sources */ = {isa = PBXBuildFile; fileRef = 5767551C1E3941E100D0CB4F /* PartyEvent.swift */; };
		5767551F1E3941E100D0CB4F /* Song.swift in Sources */ = {isa = PBXBuildFile; fileRef = 5767551D1E3941E100D0CB4F /* Song.swift */; };
		576755221E39441B00D0CB4F /* PromptView.swift in Sources */ = {isa = PBXBuildFile; fileRef = 576755211E39441B00D0CB4F /* PromptView.swift */; };
		576755241E39443B00D0CB4F /* Settings.swift in Sources */ = {isa = PBXBuildFile; fileRef = 576755231E39443B00D0CB4F /* Settings.swift */; };
		576755261E394FC300D0CB4F /* SongsTableViewController.swift in Sources */ = {isa = PBXBuildFile; fileRef = 576755251E394FC300D0CB4F /* SongsTableViewController.swift */; };
		5767C91C1E3E6AC60023CEDD /* Person.swift in Sources */ = {isa = PBXBuildFile; fileRef = 5767C91B1E3E6AC60023CEDD /* Person.swift */; };
		576B683E1E37ECB200BBB2B0 /* AppDelegate.swift in Sources */ = {isa = PBXBuildFile; fileRef = 576B683D1E37ECB200BBB2B0 /* AppDelegate.swift */; };
		576B68431E37ECB200BBB2B0 /* Main.storyboard in Resources */ = {isa = PBXBuildFile; fileRef = 576B68411E37ECB200BBB2B0 /* Main.storyboard */; };
		576B68451E37ECB200BBB2B0 /* Assets.xcassets in Resources */ = {isa = PBXBuildFile; fileRef = 576B68441E37ECB200BBB2B0 /* Assets.xcassets */; };
		576B68481E37ECB200BBB2B0 /* LaunchScreen.storyboard in Resources */ = {isa = PBXBuildFile; fileRef = 576B68461E37ECB200BBB2B0 /* LaunchScreen.storyboard */; };
		576B68531E37ECB200BBB2B0 /* SilentPartyTests.swift in Sources */ = {isa = PBXBuildFile; fileRef = 576B68521E37ECB200BBB2B0 /* SilentPartyTests.swift */; };
		576B686A1E37ED4C00BBB2B0 /* No Heart.mp3 in Resources */ = {isa = PBXBuildFile; fileRef = 576B685E1E37ED4C00BBB2B0 /* No Heart.mp3 */; };
		576B686B1E37ED4C00BBB2B0 /* X.mp3 in Resources */ = {isa = PBXBuildFile; fileRef = 576B685F1E37ED4C00BBB2B0 /* X.mp3 */; };
		576B686C1E37ED4C00BBB2B0 /* Water Under the Bridge.mp3 in Resources */ = {isa = PBXBuildFile; fileRef = 576B68601E37ED4C00BBB2B0 /* Water Under the Bridge.mp3 */; };
		576B686D1E37ED4C00BBB2B0 /* Scars To Your Beautiful.mp3 in Resources */ = {isa = PBXBuildFile; fileRef = 576B68611E37ED4C00BBB2B0 /* Scars To Your Beautiful.mp3 */; };
		576B686E1E37ED4C00BBB2B0 /* Broccoli.mp3 in Resources */ = {isa = PBXBuildFile; fileRef = 576B68621E37ED4C00BBB2B0 /* Broccoli.mp3 */; };
		576B686F1E37ED4C00BBB2B0 /* Hide Away.mp3 in Resources */ = {isa = PBXBuildFile; fileRef = 576B68631E37ED4C00BBB2B0 /* Hide Away.mp3 */; };
		576B68701E37ED4C00BBB2B0 /* Sit Still, Look Pretty.mp3 in Resources */ = {isa = PBXBuildFile; fileRef = 576B68641E37ED4C00BBB2B0 /* Sit Still, Look Pretty.mp3 */; };
		576B68711E37ED4C00BBB2B0 /* i hate u i love u.mp3 in Resources */ = {isa = PBXBuildFile; fileRef = 576B68651E37ED4C00BBB2B0 /* i hate u i love u.mp3 */; };
		576B68721E37ED4C00BBB2B0 /* All Time Low.mp3 in Resources */ = {isa = PBXBuildFile; fileRef = 576B68661E37ED4C00BBB2B0 /* All Time Low.mp3 */; };
		576B68731E37ED4C00BBB2B0 /* Better Man.mp3 in Resources */ = {isa = PBXBuildFile; fileRef = 576B68671E37ED4C00BBB2B0 /* Better Man.mp3 */; };
		576B68741E37ED4C00BBB2B0 /* Unsteady.mp3 in Resources */ = {isa = PBXBuildFile; fileRef = 576B68681E37ED4C00BBB2B0 /* Unsteady.mp3 */; };
		576B68751E37ED4C00BBB2B0 /* Ooouuu.mp3 in Resources */ = {isa = PBXBuildFile; fileRef = 576B68691E37ED4C00BBB2B0 /* Ooouuu.mp3 */; };
		577098F71E51DC1300578EC7 /* MPCChatManager.swift in Sources */ = {isa = PBXBuildFile; fileRef = 577098F61E51DC1300578EC7 /* MPCChatManager.swift */; };
		577098F91E520FD300578EC7 /* SettingsViewController.swift in Sources */ = {isa = PBXBuildFile; fileRef = 577098F81E520FD300578EC7 /* SettingsViewController.swift */; };
		577152B31E51057E001DEDE5 /* ChatViewController.swift in Sources */ = {isa = PBXBuildFile; fileRef = 577152B21E51057E001DEDE5 /* ChatViewController.swift */; };
		579C08F71E3F433A00B6F703 /* MPCManager.swift in Sources */ = {isa = PBXBuildFile; fileRef = 579C08F61E3F433A00B6F703 /* MPCManager.swift */; };
		579C08FC1E3F440800B6F703 /* ShowPartyViewController.swift in Sources */ = {isa = PBXBuildFile; fileRef = 579C08F81E3F440800B6F703 /* ShowPartyViewController.swift */; };
		579C08FD1E3F440800B6F703 /* SongListViewController.swift in Sources */ = {isa = PBXBuildFile; fileRef = 579C08F91E3F440800B6F703 /* SongListViewController.swift */; };
		579C08FE1E3F440800B6F703 /* AddSongsTableViewController.swift in Sources */ = {isa = PBXBuildFile; fileRef = 579C08FA1E3F440800B6F703 /* AddSongsTableViewController.swift */; };
		579C08FF1E3F440800B6F703 /* MembersViewController.swift in Sources */ = {isa = PBXBuildFile; fileRef = 579C08FB1E3F440800B6F703 /* MembersViewController.swift */; };
		57A5FF131E4635B7004FBFCC /* SongTableViewCell.swift in Sources */ = {isa = PBXBuildFile; fileRef = 57A5FF121E4635B7004FBFCC /* SongTableViewCell.swift */; };
		57AB0B661E50987F00132165 /* GoogleService-Info.plist in Resources */ = {isa = PBXBuildFile; fileRef = 57AB0B651E50987F00132165 /* GoogleService-Info.plist */; };
		57AB0B681E509B5100132165 /* ChannelListViewController.swift in Sources */ = {isa = PBXBuildFile; fileRef = 57AB0B671E509B5100132165 /* ChannelListViewController.swift */; };
		57AB0B6A1E509B8300132165 /* Channel.swift in Sources */ = {isa = PBXBuildFile; fileRef = 57AB0B691E509B8300132165 /* Channel.swift */; };
		6C289282DFCFDD771ABF27F6 /* Pods_SilentParty.framework in Frameworks */ = {isa = PBXBuildFile; fileRef = 2CCF7989F4E3799A27AB0407 /* Pods_SilentParty.framework */; };
		A7C8ED73DAA9F275D65F2FD4 /* Pods_SilentPartyTests.framework in Frameworks */ = {isa = PBXBuildFile; fileRef = 8AE4AC9F68E64DBA1FB57434 /* Pods_SilentPartyTests.framework */; };
/* End PBXBuildFile section */

/* Begin PBXContainerItemProxy section */
		576B684F1E37ECB200BBB2B0 /* PBXContainerItemProxy */ = {
			isa = PBXContainerItemProxy;
			containerPortal = 576B68321E37ECB200BBB2B0 /* Project object */;
			proxyType = 1;
			remoteGlobalIDString = 576B68391E37ECB200BBB2B0;
			remoteInfo = SilentParty;
		};
/* End PBXContainerItemProxy section */

/* Begin PBXFileReference section */
		017022253F695285B8FC07EF /* Pods-SilentPartyTests.debug.xcconfig */ = {isa = PBXFileReference; includeInIndex = 1; lastKnownFileType = text.xcconfig; name = "Pods-SilentPartyTests.debug.xcconfig"; path = "Pods/Target Support Files/Pods-SilentPartyTests/Pods-SilentPartyTests.debug.xcconfig"; sourceTree = "<group>"; };
		17277A9D6C224778983B9BE5 /* Pods-SilentParty.release.xcconfig */ = {isa = PBXFileReference; includeInIndex = 1; lastKnownFileType = text.xcconfig; name = "Pods-SilentParty.release.xcconfig"; path = "Pods/Target Support Files/Pods-SilentParty/Pods-SilentParty.release.xcconfig"; sourceTree = "<group>"; };
		216A6CE1D939C742E3826113 /* Pods-SilentPartyTests.release.xcconfig */ = {isa = PBXFileReference; includeInIndex = 1; lastKnownFileType = text.xcconfig; name = "Pods-SilentPartyTests.release.xcconfig"; path = "Pods/Target Support Files/Pods-SilentPartyTests/Pods-SilentPartyTests.release.xcconfig"; sourceTree = "<group>"; };
		28DBB888F8F8A5CB7A2C86B6 /* Pods-SilentParty.debug.xcconfig */ = {isa = PBXFileReference; includeInIndex = 1; lastKnownFileType = text.xcconfig; name = "Pods-SilentParty.debug.xcconfig"; path = "Pods/Target Support Files/Pods-SilentParty/Pods-SilentParty.debug.xcconfig"; sourceTree = "<group>"; };
		2CCF7989F4E3799A27AB0407 /* Pods_SilentParty.framework */ = {isa = PBXFileReference; explicitFileType = wrapper.framework; includeInIndex = 0; path = Pods_SilentParty.framework; sourceTree = BUILT_PRODUCTS_DIR; };
		57638FEC1E3FCD190078248D /* PartyEventsTableViewController.swift */ = {isa = PBXFileReference; fileEncoding = 4; lastKnownFileType = sourcecode.swift; path = PartyEventsTableViewController.swift; sourceTree = "<group>"; };
		5766BF731E44C6590005F366 /* MessageType.swift */ = {isa = PBXFileReference; fileEncoding = 4; lastKnownFileType = sourcecode.swift; path = MessageType.swift; sourceTree = "<group>"; };
		576726F41E3F638100DCC5CC /* MusicPlayerSingleton.swift */ = {isa = PBXFileReference; fileEncoding = 4; lastKnownFileType = sourcecode.swift; path = MusicPlayerSingleton.swift; sourceTree = "<group>"; };
		576755171E393D8400D0CB4F /* CreatePartyViewController.swift */ = {isa = PBXFileReference; fileEncoding = 4; lastKnownFileType = sourcecode.swift; path = CreatePartyViewController.swift; sourceTree = "<group>"; };
		5767551C1E3941E100D0CB4F /* PartyEvent.swift */ = {isa = PBXFileReference; fileEncoding = 4; lastKnownFileType = sourcecode.swift; path = PartyEvent.swift; sourceTree = "<group>"; };
		5767551D1E3941E100D0CB4F /* Song.swift */ = {isa = PBXFileReference; fileEncoding = 4; lastKnownFileType = sourcecode.swift; path = Song.swift; sourceTree = "<group>"; };
		576755211E39441B00D0CB4F /* PromptView.swift */ = {isa = PBXFileReference; fileEncoding = 4; lastKnownFileType = sourcecode.swift; path = PromptView.swift; sourceTree = "<group>"; };
		576755231E39443B00D0CB4F /* Settings.swift */ = {isa = PBXFileReference; fileEncoding = 4; lastKnownFileType = sourcecode.swift; path = Settings.swift; sourceTree = "<group>"; };
		576755251E394FC300D0CB4F /* SongsTableViewController.swift */ = {isa = PBXFileReference; fileEncoding = 4; lastKnownFileType = sourcecode.swift; path = SongsTableViewController.swift; sourceTree = "<group>"; };
		5767C91B1E3E6AC60023CEDD /* Person.swift */ = {isa = PBXFileReference; fileEncoding = 4; lastKnownFileType = sourcecode.swift; path = Person.swift; sourceTree = "<group>"; };
		576B683A1E37ECB200BBB2B0 /* SilentParty.app */ = {isa = PBXFileReference; explicitFileType = wrapper.application; includeInIndex = 0; path = SilentParty.app; sourceTree = BUILT_PRODUCTS_DIR; };
		576B683D1E37ECB200BBB2B0 /* AppDelegate.swift */ = {isa = PBXFileReference; lastKnownFileType = sourcecode.swift; path = AppDelegate.swift; sourceTree = "<group>"; };
		576B68421E37ECB200BBB2B0 /* Base */ = {isa = PBXFileReference; lastKnownFileType = file.storyboard; name = Base; path = Base.lproj/Main.storyboard; sourceTree = "<group>"; };
		576B68441E37ECB200BBB2B0 /* Assets.xcassets */ = {isa = PBXFileReference; lastKnownFileType = folder.assetcatalog; path = Assets.xcassets; sourceTree = "<group>"; };
		576B68471E37ECB200BBB2B0 /* Base */ = {isa = PBXFileReference; lastKnownFileType = file.storyboard; name = Base; path = Base.lproj/LaunchScreen.storyboard; sourceTree = "<group>"; };
		576B68491E37ECB200BBB2B0 /* Info.plist */ = {isa = PBXFileReference; lastKnownFileType = text.plist.xml; path = Info.plist; sourceTree = "<group>"; };
		576B684E1E37ECB200BBB2B0 /* SilentPartyTests.xctest */ = {isa = PBXFileReference; explicitFileType = wrapper.cfbundle; includeInIndex = 0; path = SilentPartyTests.xctest; sourceTree = BUILT_PRODUCTS_DIR; };
		576B68521E37ECB200BBB2B0 /* SilentPartyTests.swift */ = {isa = PBXFileReference; lastKnownFileType = sourcecode.swift; path = SilentPartyTests.swift; sourceTree = "<group>"; };
		576B68541E37ECB200BBB2B0 /* Info.plist */ = {isa = PBXFileReference; lastKnownFileType = text.plist.xml; path = Info.plist; sourceTree = "<group>"; };
		576B685E1E37ED4C00BBB2B0 /* No Heart.mp3 */ = {isa = PBXFileReference; lastKnownFileType = audio.mp3; path = "No Heart.mp3"; sourceTree = "<group>"; };
		576B685F1E37ED4C00BBB2B0 /* X.mp3 */ = {isa = PBXFileReference; lastKnownFileType = audio.mp3; path = X.mp3; sourceTree = "<group>"; };
		576B68601E37ED4C00BBB2B0 /* Water Under the Bridge.mp3 */ = {isa = PBXFileReference; lastKnownFileType = audio.mp3; path = "Water Under the Bridge.mp3"; sourceTree = "<group>"; };
		576B68611E37ED4C00BBB2B0 /* Scars To Your Beautiful.mp3 */ = {isa = PBXFileReference; lastKnownFileType = audio.mp3; path = "Scars To Your Beautiful.mp3"; sourceTree = "<group>"; };
		576B68621E37ED4C00BBB2B0 /* Broccoli.mp3 */ = {isa = PBXFileReference; lastKnownFileType = audio.mp3; path = Broccoli.mp3; sourceTree = "<group>"; };
		576B68631E37ED4C00BBB2B0 /* Hide Away.mp3 */ = {isa = PBXFileReference; lastKnownFileType = audio.mp3; path = "Hide Away.mp3"; sourceTree = "<group>"; };
		576B68641E37ED4C00BBB2B0 /* Sit Still, Look Pretty.mp3 */ = {isa = PBXFileReference; lastKnownFileType = audio.mp3; path = "Sit Still, Look Pretty.mp3"; sourceTree = "<group>"; };
		576B68651E37ED4C00BBB2B0 /* i hate u i love u.mp3 */ = {isa = PBXFileReference; lastKnownFileType = audio.mp3; path = "i hate u i love u.mp3"; sourceTree = "<group>"; };
		576B68661E37ED4C00BBB2B0 /* All Time Low.mp3 */ = {isa = PBXFileReference; lastKnownFileType = audio.mp3; path = "All Time Low.mp3"; sourceTree = "<group>"; };
		576B68671E37ED4C00BBB2B0 /* Better Man.mp3 */ = {isa = PBXFileReference; lastKnownFileType = audio.mp3; path = "Better Man.mp3"; sourceTree = "<group>"; };
		576B68681E37ED4C00BBB2B0 /* Unsteady.mp3 */ = {isa = PBXFileReference; lastKnownFileType = audio.mp3; path = Unsteady.mp3; sourceTree = "<group>"; };
		576B68691E37ED4C00BBB2B0 /* Ooouuu.mp3 */ = {isa = PBXFileReference; lastKnownFileType = audio.mp3; path = Ooouuu.mp3; sourceTree = "<group>"; };
		577098F61E51DC1300578EC7 /* MPCChatManager.swift */ = {isa = PBXFileReference; fileEncoding = 4; lastKnownFileType = sourcecode.swift; path = MPCChatManager.swift; sourceTree = "<group>"; };
		577098F81E520FD300578EC7 /* SettingsViewController.swift */ = {isa = PBXFileReference; fileEncoding = 4; lastKnownFileType = sourcecode.swift; path = SettingsViewController.swift; sourceTree = "<group>"; };
		577152B21E51057E001DEDE5 /* ChatViewController.swift */ = {isa = PBXFileReference; fileEncoding = 4; lastKnownFileType = sourcecode.swift; path = ChatViewController.swift; sourceTree = "<group>"; };
		579C08F61E3F433A00B6F703 /* MPCManager.swift */ = {isa = PBXFileReference; fileEncoding = 4; lastKnownFileType = sourcecode.swift; path = MPCManager.swift; sourceTree = "<group>"; };
		579C08F81E3F440800B6F703 /* ShowPartyViewController.swift */ = {isa = PBXFileReference; fileEncoding = 4; lastKnownFileType = sourcecode.swift; path = ShowPartyViewController.swift; sourceTree = "<group>"; };
		579C08F91E3F440800B6F703 /* SongListViewController.swift */ = {isa = PBXFileReference; fileEncoding = 4; lastKnownFileType = sourcecode.swift; path = SongListViewController.swift; sourceTree = "<group>"; };
		579C08FA1E3F440800B6F703 /* AddSongsTableViewController.swift */ = {isa = PBXFileReference; fileEncoding = 4; lastKnownFileType = sourcecode.swift; path = AddSongsTableViewController.swift; sourceTree = "<group>"; };
		579C08FB1E3F440800B6F703 /* MembersViewController.swift */ = {isa = PBXFileReference; fileEncoding = 4; lastKnownFileType = sourcecode.swift; path = MembersViewController.swift; sourceTree = "<group>"; };
		57A5FF121E4635B7004FBFCC /* SongTableViewCell.swift */ = {isa = PBXFileReference; fileEncoding = 4; lastKnownFileType = sourcecode.swift; path = SongTableViewCell.swift; sourceTree = "<group>"; };
		57AB0B651E50987F00132165 /* GoogleService-Info.plist */ = {isa = PBXFileReference; fileEncoding = 4; lastKnownFileType = text.plist.xml; path = "GoogleService-Info.plist"; sourceTree = "<group>"; };
		57AB0B671E509B5100132165 /* ChannelListViewController.swift */ = {isa = PBXFileReference; fileEncoding = 4; lastKnownFileType = sourcecode.swift; path = ChannelListViewController.swift; sourceTree = "<group>"; };
		57AB0B691E509B8300132165 /* Channel.swift */ = {isa = PBXFileReference; fileEncoding = 4; lastKnownFileType = sourcecode.swift; path = Channel.swift; sourceTree = "<group>"; };
		57AB0B6C1E50A0F600132165 /* SilentParty-Bridging-Header.h */ = {isa = PBXFileReference; lastKnownFileType = sourcecode.c.h; path = "SilentParty-Bridging-Header.h"; sourceTree = "<group>"; };
		8AE4AC9F68E64DBA1FB57434 /* Pods_SilentPartyTests.framework */ = {isa = PBXFileReference; explicitFileType = wrapper.framework; includeInIndex = 0; path = Pods_SilentPartyTests.framework; sourceTree = BUILT_PRODUCTS_DIR; };
/* End PBXFileReference section */

/* Begin PBXFrameworksBuildPhase section */
		576B68371E37ECB200BBB2B0 /* Frameworks */ = {
			isa = PBXFrameworksBuildPhase;
			buildActionMask = 2147483647;
			files = (
				6C289282DFCFDD771ABF27F6 /* Pods_SilentParty.framework in Frameworks */,
			);
			runOnlyForDeploymentPostprocessing = 0;
		};
		576B684B1E37ECB200BBB2B0 /* Frameworks */ = {
			isa = PBXFrameworksBuildPhase;
			buildActionMask = 2147483647;
			files = (
				A7C8ED73DAA9F275D65F2FD4 /* Pods_SilentPartyTests.framework in Frameworks */,
			);
			runOnlyForDeploymentPostprocessing = 0;
		};
/* End PBXFrameworksBuildPhase section */

/* Begin PBXGroup section */
		136BB7CF172C0E7F6987286F /* Frameworks */ = {
			isa = PBXGroup;
			children = (
				2CCF7989F4E3799A27AB0407 /* Pods_SilentParty.framework */,
				8AE4AC9F68E64DBA1FB57434 /* Pods_SilentPartyTests.framework */,
			);
			name = Frameworks;
			sourceTree = "<group>";
		};
		3F7837DA54037F7E292D4154 /* Pods */ = {
			isa = PBXGroup;
			children = (
				28DBB888F8F8A5CB7A2C86B6 /* Pods-SilentParty.debug.xcconfig */,
				17277A9D6C224778983B9BE5 /* Pods-SilentParty.release.xcconfig */,
				017022253F695285B8FC07EF /* Pods-SilentPartyTests.debug.xcconfig */,
				216A6CE1D939C742E3826113 /* Pods-SilentPartyTests.release.xcconfig */,
			);
			name = Pods;
			sourceTree = "<group>";
		};
		576755161E393D6C00D0CB4F /* ViewControllers */ = {
			isa = PBXGroup;
			children = (
				57638FEC1E3FCD190078248D /* PartyEventsTableViewController.swift */,
				576755171E393D8400D0CB4F /* CreatePartyViewController.swift */,
				576755251E394FC300D0CB4F /* SongsTableViewController.swift */,
				579C08F81E3F440800B6F703 /* ShowPartyViewController.swift */,
				579C08F91E3F440800B6F703 /* SongListViewController.swift */,
				579C08FA1E3F440800B6F703 /* AddSongsTableViewController.swift */,
				579C08FB1E3F440800B6F703 /* MembersViewController.swift */,
				57AB0B671E509B5100132165 /* ChannelListViewController.swift */,
				577152B21E51057E001DEDE5 /* ChatViewController.swift */,
				577098F81E520FD300578EC7 /* SettingsViewController.swift */,
			);
			name = ViewControllers;
			sourceTree = "<group>";
		};
		576755191E3941C300D0CB4F /* Models */ = {
			isa = PBXGroup;
			children = (
				57AB0B691E509B8300132165 /* Channel.swift */,
				579C08F61E3F433A00B6F703 /* MPCManager.swift */,
				577098F61E51DC1300578EC7 /* MPCChatManager.swift */,
				5767C91B1E3E6AC60023CEDD /* Person.swift */,
				5767551C1E3941E100D0CB4F /* PartyEvent.swift */,
				5767551D1E3941E100D0CB4F /* Song.swift */,
				576755211E39441B00D0CB4F /* PromptView.swift */,
				576755231E39443B00D0CB4F /* Settings.swift */,
				576726F41E3F638100DCC5CC /* MusicPlayerSingleton.swift */,
				5766BF731E44C6590005F366 /* MessageType.swift */,
			);
			name = Models;
			sourceTree = "<group>";
		};
		5767551A1E3941CB00D0CB4F /* Views */ = {
			isa = PBXGroup;
			children = (
				57A5FF121E4635B7004FBFCC /* SongTableViewCell.swift */,
			);
			name = Views;
			sourceTree = "<group>";
		};
		5767551B1E3941D400D0CB4F /* Layouts */ = {
			isa = PBXGroup;
			children = (
				576B68411E37ECB200BBB2B0 /* Main.storyboard */,
				576B68461E37ECB200BBB2B0 /* LaunchScreen.storyboard */,
			);
			name = Layouts;
			sourceTree = "<group>";
		};
		576755201E3941FB00D0CB4F /* Supporting Files */ = {
			isa = PBXGroup;
			children = (
				57AB0B6C1E50A0F600132165 /* SilentParty-Bridging-Header.h */,
				576B68441E37ECB200BBB2B0 /* Assets.xcassets */,
				576B68491E37ECB200BBB2B0 /* Info.plist */,
				57AB0B651E50987F00132165 /* GoogleService-Info.plist */,
				576B683D1E37ECB200BBB2B0 /* AppDelegate.swift */,
			);
			name = "Supporting Files";
			sourceTree = "<group>";
		};
		576B68311E37ECB200BBB2B0 = {
			isa = PBXGroup;
			children = (
				576B683C1E37ECB200BBB2B0 /* SilentParty */,
				576B68511E37ECB200BBB2B0 /* SilentPartyTests */,
				576B683B1E37ECB200BBB2B0 /* Products */,
				3F7837DA54037F7E292D4154 /* Pods */,
				136BB7CF172C0E7F6987286F /* Frameworks */,
			);
			sourceTree = "<group>";
		};
		576B683B1E37ECB200BBB2B0 /* Products */ = {
			isa = PBXGroup;
			children = (
				576B683A1E37ECB200BBB2B0 /* SilentParty.app */,
				576B684E1E37ECB200BBB2B0 /* SilentPartyTests.xctest */,
			);
			name = Products;
			sourceTree = "<group>";
		};
		576B683C1E37ECB200BBB2B0 /* SilentParty */ = {
			isa = PBXGroup;
			children = (
				5767551B1E3941D400D0CB4F /* Layouts */,
				576755161E393D6C00D0CB4F /* ViewControllers */,
				5767551A1E3941CB00D0CB4F /* Views */,
				576755191E3941C300D0CB4F /* Models */,
				576755201E3941FB00D0CB4F /* Supporting Files */,
				576B685D1E37ED2D00BBB2B0 /* Music */,
			);
			path = SilentParty;
			sourceTree = "<group>";
		};
		576B68511E37ECB200BBB2B0 /* SilentPartyTests */ = {
			isa = PBXGroup;
			children = (
				576B68521E37ECB200BBB2B0 /* SilentPartyTests.swift */,
				576B68541E37ECB200BBB2B0 /* Info.plist */,
			);
			path = SilentPartyTests;
			sourceTree = "<group>";
		};
		576B685D1E37ED2D00BBB2B0 /* Music */ = {
			isa = PBXGroup;
			children = (
				576B685E1E37ED4C00BBB2B0 /* No Heart.mp3 */,
				576B685F1E37ED4C00BBB2B0 /* X.mp3 */,
				576B68601E37ED4C00BBB2B0 /* Water Under the Bridge.mp3 */,
				576B68611E37ED4C00BBB2B0 /* Scars To Your Beautiful.mp3 */,
				576B68621E37ED4C00BBB2B0 /* Broccoli.mp3 */,
				576B68631E37ED4C00BBB2B0 /* Hide Away.mp3 */,
				576B68641E37ED4C00BBB2B0 /* Sit Still, Look Pretty.mp3 */,
				576B68651E37ED4C00BBB2B0 /* i hate u i love u.mp3 */,
				576B68661E37ED4C00BBB2B0 /* All Time Low.mp3 */,
				576B68671E37ED4C00BBB2B0 /* Better Man.mp3 */,
				576B68681E37ED4C00BBB2B0 /* Unsteady.mp3 */,
				576B68691E37ED4C00BBB2B0 /* Ooouuu.mp3 */,
			);
			name = Music;
			sourceTree = "<group>";
		};
/* End PBXGroup section */

/* Begin PBXNativeTarget section */
		576B68391E37ECB200BBB2B0 /* SilentParty */ = {
			isa = PBXNativeTarget;
			buildConfigurationList = 576B68571E37ECB200BBB2B0 /* Build configuration list for PBXNativeTarget "SilentParty" */;
			buildPhases = (
				847E389B9A9AF79D7ED01979 /* [CP] Check Pods Manifest.lock */,
				576B68361E37ECB200BBB2B0 /* Sources */,
				576B68371E37ECB200BBB2B0 /* Frameworks */,
				576B68381E37ECB200BBB2B0 /* Resources */,
				908BF604B5101F2439397972 /* [CP] Embed Pods Frameworks */,
				619FE899B070A30935488DEF /* [CP] Copy Pods Resources */,
			);
			buildRules = (
			);
			dependencies = (
			);
			name = SilentParty;
			productName = SilentParty;
			productReference = 576B683A1E37ECB200BBB2B0 /* SilentParty.app */;
			productType = "com.apple.product-type.application";
		};
		576B684D1E37ECB200BBB2B0 /* SilentPartyTests */ = {
			isa = PBXNativeTarget;
			buildConfigurationList = 576B685A1E37ECB200BBB2B0 /* Build configuration list for PBXNativeTarget "SilentPartyTests" */;
			buildPhases = (
				DC08A421C30E792E863C04DA /* [CP] Check Pods Manifest.lock */,
				576B684A1E37ECB200BBB2B0 /* Sources */,
				576B684B1E37ECB200BBB2B0 /* Frameworks */,
				576B684C1E37ECB200BBB2B0 /* Resources */,
				F77BDDD76E9266C05FAE8EA8 /* [CP] Embed Pods Frameworks */,
				5570E7A2EB3040EE827E7D22 /* [CP] Copy Pods Resources */,
			);
			buildRules = (
			);
			dependencies = (
				576B68501E37ECB200BBB2B0 /* PBXTargetDependency */,
			);
			name = SilentPartyTests;
			productName = SilentPartyTests;
			productReference = 576B684E1E37ECB200BBB2B0 /* SilentPartyTests.xctest */;
			productType = "com.apple.product-type.bundle.unit-test";
		};
/* End PBXNativeTarget section */

/* Begin PBXProject section */
		576B68321E37ECB200BBB2B0 /* Project object */ = {
			isa = PBXProject;
			attributes = {
				LastSwiftUpdateCheck = 0820;
				LastUpgradeCheck = 0820;
				ORGANIZATIONNAME = GuoGongbin;
				TargetAttributes = {
					576B68391E37ECB200BBB2B0 = {
						CreatedOnToolsVersion = 8.2;
						DevelopmentTeam = A994MD2MCE;
						LastSwiftMigration = 0820;
						ProvisioningStyle = Automatic;
					};
					576B684D1E37ECB200BBB2B0 = {
						CreatedOnToolsVersion = 8.2;
						DevelopmentTeam = A994MD2MCE;
						ProvisioningStyle = Automatic;
						TestTargetID = 576B68391E37ECB200BBB2B0;
					};
				};
			};
			buildConfigurationList = 576B68351E37ECB200BBB2B0 /* Build configuration list for PBXProject "SilentParty" */;
			compatibilityVersion = "Xcode 3.2";
			developmentRegion = English;
			hasScannedForEncodings = 0;
			knownRegions = (
				en,
				Base,
			);
			mainGroup = 576B68311E37ECB200BBB2B0;
			productRefGroup = 576B683B1E37ECB200BBB2B0 /* Products */;
			projectDirPath = "";
			projectRoot = "";
			targets = (
				576B68391E37ECB200BBB2B0 /* SilentParty */,
				576B684D1E37ECB200BBB2B0 /* SilentPartyTests */,
			);
		};
/* End PBXProject section */

/* Begin PBXResourcesBuildPhase section */
		576B68381E37ECB200BBB2B0 /* Resources */ = {
			isa = PBXResourcesBuildPhase;
			buildActionMask = 2147483647;
			files = (
				576B68481E37ECB200BBB2B0 /* LaunchScreen.storyboard in Resources */,
				576B686E1E37ED4C00BBB2B0 /* Broccoli.mp3 in Resources */,
				576B686F1E37ED4C00BBB2B0 /* Hide Away.mp3 in Resources */,
				576B686C1E37ED4C00BBB2B0 /* Water Under the Bridge.mp3 in Resources */,
				576B68741E37ED4C00BBB2B0 /* Unsteady.mp3 in Resources */,
				576B68711E37ED4C00BBB2B0 /* i hate u i love u.mp3 in Resources */,
				576B686B1E37ED4C00BBB2B0 /* X.mp3 in Resources */,
				576B686D1E37ED4C00BBB2B0 /* Scars To Your Beautiful.mp3 in Resources */,
				576B68721E37ED4C00BBB2B0 /* All Time Low.mp3 in Resources */,
				57AB0B661E50987F00132165 /* GoogleService-Info.plist in Resources */,
				576B68751E37ED4C00BBB2B0 /* Ooouuu.mp3 in Resources */,
				576B68731E37ED4C00BBB2B0 /* Better Man.mp3 in Resources */,
				576B68451E37ECB200BBB2B0 /* Assets.xcassets in Resources */,
				576B686A1E37ED4C00BBB2B0 /* No Heart.mp3 in Resources */,
				576B68701E37ED4C00BBB2B0 /* Sit Still, Look Pretty.mp3 in Resources */,
				576B68431E37ECB200BBB2B0 /* Main.storyboard in Resources */,
			);
			runOnlyForDeploymentPostprocessing = 0;
		};
		576B684C1E37ECB200BBB2B0 /* Resources */ = {
			isa = PBXResourcesBuildPhase;
			buildActionMask = 2147483647;
			files = (
			);
			runOnlyForDeploymentPostprocessing = 0;
		};
/* End PBXResourcesBuildPhase section */

/* Begin PBXShellScriptBuildPhase section */
		5570E7A2EB3040EE827E7D22 /* [CP] Copy Pods Resources */ = {
			isa = PBXShellScriptBuildPhase;
			buildActionMask = 2147483647;
			files = (
			);
			inputPaths = (
			);
			name = "[CP] Copy Pods Resources";
			outputPaths = (
			);
			runOnlyForDeploymentPostprocessing = 0;
			shellPath = /bin/sh;
			shellScript = "\"${SRCROOT}/Pods/Target Support Files/Pods-SilentPartyTests/Pods-SilentPartyTests-resources.sh\"\n";
			showEnvVarsInLog = 0;
		};
		619FE899B070A30935488DEF /* [CP] Copy Pods Resources */ = {
			isa = PBXShellScriptBuildPhase;
			buildActionMask = 2147483647;
			files = (
			);
			inputPaths = (
			);
			name = "[CP] Copy Pods Resources";
			outputPaths = (
			);
			runOnlyForDeploymentPostprocessing = 0;
			shellPath = /bin/sh;
			shellScript = "\"${SRCROOT}/Pods/Target Support Files/Pods-SilentParty/Pods-SilentParty-resources.sh\"\n";
			showEnvVarsInLog = 0;
		};
		847E389B9A9AF79D7ED01979 /* [CP] Check Pods Manifest.lock */ = {
			isa = PBXShellScriptBuildPhase;
			buildActionMask = 2147483647;
			files = (
			);
			inputPaths = (
			);
			name = "[CP] Check Pods Manifest.lock";
			outputPaths = (
			);
			runOnlyForDeploymentPostprocessing = 0;
			shellPath = /bin/sh;
			shellScript = "diff \"${PODS_ROOT}/../Podfile.lock\" \"${PODS_ROOT}/Manifest.lock\" > /dev/null\nif [ $? != 0 ] ; then\n    # print error to STDERR\n    echo \"error: The sandbox is not in sync with the Podfile.lock. Run 'pod install' or update your CocoaPods installation.\" >&2\n    exit 1\nfi\n";
			showEnvVarsInLog = 0;
		};
		908BF604B5101F2439397972 /* [CP] Embed Pods Frameworks */ = {
			isa = PBXShellScriptBuildPhase;
			buildActionMask = 2147483647;
			files = (
			);
			inputPaths = (
			);
			name = "[CP] Embed Pods Frameworks";
			outputPaths = (
			);
			runOnlyForDeploymentPostprocessing = 0;
			shellPath = /bin/sh;
			shellScript = "\"${SRCROOT}/Pods/Target Support Files/Pods-SilentParty/Pods-SilentParty-frameworks.sh\"\n";
			showEnvVarsInLog = 0;
		};
		DC08A421C30E792E863C04DA /* [CP] Check Pods Manifest.lock */ = {
			isa = PBXShellScriptBuildPhase;
			buildActionMask = 2147483647;
			files = (
			);
			inputPaths = (
			);
			name = "[CP] Check Pods Manifest.lock";
			outputPaths = (
			);
			runOnlyForDeploymentPostprocessing = 0;
			shellPath = /bin/sh;
			shellScript = "diff \"${PODS_ROOT}/../Podfile.lock\" \"${PODS_ROOT}/Manifest.lock\" > /dev/null\nif [ $? != 0 ] ; then\n    # print error to STDERR\n    echo \"error: The sandbox is not in sync with the Podfile.lock. Run 'pod install' or update your CocoaPods installation.\" >&2\n    exit 1\nfi\n";
			showEnvVarsInLog = 0;
		};
		F77BDDD76E9266C05FAE8EA8 /* [CP] Embed Pods Frameworks */ = {
			isa = PBXShellScriptBuildPhase;
			buildActionMask = 2147483647;
			files = (
			);
			inputPaths = (
			);
			name = "[CP] Embed Pods Frameworks";
			outputPaths = (
			);
			runOnlyForDeploymentPostprocessing = 0;
			shellPath = /bin/sh;
			shellScript = "\"${SRCROOT}/Pods/Target Support Files/Pods-SilentPartyTests/Pods-SilentPartyTests-frameworks.sh\"\n";
			showEnvVarsInLog = 0;
		};
/* End PBXShellScriptBuildPhase section */

/* Begin PBXSourcesBuildPhase section */
		576B68361E37ECB200BBB2B0 /* Sources */ = {
			isa = PBXSourcesBuildPhase;
			buildActionMask = 2147483647;
			files = (
				5767551E1E3941E100D0CB4F /* PartyEvent.swift in Sources */,
				576726F51E3F638100DCC5CC /* MusicPlayerSingleton.swift in Sources */,
				57AB0B6A1E509B8300132165 /* Channel.swift in Sources */,
				579C08F71E3F433A00B6F703 /* MPCManager.swift in Sources */,
				5766BF741E44C6590005F366 /* MessageType.swift in Sources */,
				577098F71E51DC1300578EC7 /* MPCChatManager.swift in Sources */,
				576755261E394FC300D0CB4F /* SongsTableViewController.swift in Sources */,
				576B683E1E37ECB200BBB2B0 /* AppDelegate.swift in Sources */,
				57AB0B681E509B5100132165 /* ChannelListViewController.swift in Sources */,
				579C08FD1E3F440800B6F703 /* SongListViewController.swift in Sources */,
				576755181E393D8400D0CB4F /* CreatePartyViewController.swift in Sources */,
				576755241E39443B00D0CB4F /* Settings.swift in Sources */,
				5767C91C1E3E6AC60023CEDD /* Person.swift in Sources */,
				577098F91E520FD300578EC7 /* SettingsViewController.swift in Sources */,
				579C08FE1E3F440800B6F703 /* AddSongsTableViewController.swift in Sources */,
				57638FED1E3FCD190078248D /* PartyEventsTableViewController.swift in Sources */,
				57A5FF131E4635B7004FBFCC /* SongTableViewCell.swift in Sources */,
				579C08FF1E3F440800B6F703 /* MembersViewController.swift in Sources */,
				579C08FC1E3F440800B6F703 /* ShowPartyViewController.swift in Sources */,
				576755221E39441B00D0CB4F /* PromptView.swift in Sources */,
				577152B31E51057E001DEDE5 /* ChatViewController.swift in Sources */,
				5767551F1E3941E100D0CB4F /* Song.swift in Sources */,
			);
			runOnlyForDeploymentPostprocessing = 0;
		};
		576B684A1E37ECB200BBB2B0 /* Sources */ = {
			isa = PBXSourcesBuildPhase;
			buildActionMask = 2147483647;
			files = (
				576B68531E37ECB200BBB2B0 /* SilentPartyTests.swift in Sources */,
			);
			runOnlyForDeploymentPostprocessing = 0;
		};
/* End PBXSourcesBuildPhase section */

/* Begin PBXTargetDependency section */
		576B68501E37ECB200BBB2B0 /* PBXTargetDependency */ = {
			isa = PBXTargetDependency;
			target = 576B68391E37ECB200BBB2B0 /* SilentParty */;
			targetProxy = 576B684F1E37ECB200BBB2B0 /* PBXContainerItemProxy */;
		};
/* End PBXTargetDependency section */

/* Begin PBXVariantGroup section */
		576B68411E37ECB200BBB2B0 /* Main.storyboard */ = {
			isa = PBXVariantGroup;
			children = (
				576B68421E37ECB200BBB2B0 /* Base */,
			);
			name = Main.storyboard;
			sourceTree = "<group>";
		};
		576B68461E37ECB200BBB2B0 /* LaunchScreen.storyboard */ = {
			isa = PBXVariantGroup;
			children = (
				576B68471E37ECB200BBB2B0 /* Base */,
			);
			name = LaunchScreen.storyboard;
			sourceTree = "<group>";
		};
/* End PBXVariantGroup section */

/* Begin XCBuildConfiguration section */
		576B68551E37ECB200BBB2B0 /* Debug */ = {
			isa = XCBuildConfiguration;
			buildSettings = {
				ALWAYS_SEARCH_USER_PATHS = NO;
				CLANG_ANALYZER_NONNULL = YES;
				CLANG_CXX_LANGUAGE_STANDARD = "gnu++0x";
				CLANG_CXX_LIBRARY = "libc++";
				CLANG_ENABLE_MODULES = YES;
				CLANG_ENABLE_OBJC_ARC = YES;
				CLANG_WARN_BOOL_CONVERSION = YES;
				CLANG_WARN_CONSTANT_CONVERSION = YES;
				CLANG_WARN_DIRECT_OBJC_ISA_USAGE = YES_ERROR;
				CLANG_WARN_DOCUMENTATION_COMMENTS = YES;
				CLANG_WARN_EMPTY_BODY = YES;
				CLANG_WARN_ENUM_CONVERSION = YES;
				CLANG_WARN_INFINITE_RECURSION = YES;
				CLANG_WARN_INT_CONVERSION = YES;
				CLANG_WARN_OBJC_ROOT_CLASS = YES_ERROR;
				CLANG_WARN_SUSPICIOUS_MOVE = YES;
				CLANG_WARN_UNREACHABLE_CODE = YES;
				CLANG_WARN__DUPLICATE_METHOD_MATCH = YES;
				"CODE_SIGN_IDENTITY[sdk=iphoneos*]" = "iPhone Developer";
				COPY_PHASE_STRIP = NO;
				DEBUG_INFORMATION_FORMAT = dwarf;
				ENABLE_STRICT_OBJC_MSGSEND = YES;
				ENABLE_TESTABILITY = YES;
				GCC_C_LANGUAGE_STANDARD = gnu99;
				GCC_DYNAMIC_NO_PIC = NO;
				GCC_NO_COMMON_BLOCKS = YES;
				GCC_OPTIMIZATION_LEVEL = 0;
				GCC_PREPROCESSOR_DEFINITIONS = (
					"DEBUG=1",
					"$(inherited)",
				);
				GCC_WARN_64_TO_32_BIT_CONVERSION = YES;
				GCC_WARN_ABOUT_RETURN_TYPE = YES_ERROR;
				GCC_WARN_UNDECLARED_SELECTOR = YES;
				GCC_WARN_UNINITIALIZED_AUTOS = YES_AGGRESSIVE;
				GCC_WARN_UNUSED_FUNCTION = YES;
				GCC_WARN_UNUSED_VARIABLE = YES;
				IPHONEOS_DEPLOYMENT_TARGET = 9.3;
				MTL_ENABLE_DEBUG_INFO = YES;
				ONLY_ACTIVE_ARCH = YES;
				SDKROOT = iphoneos;
				SWIFT_ACTIVE_COMPILATION_CONDITIONS = DEBUG;
				SWIFT_OPTIMIZATION_LEVEL = "-Onone";
				TARGETED_DEVICE_FAMILY = "1,2";
			};
			name = Debug;
		};
		576B68561E37ECB200BBB2B0 /* Release */ = {
			isa = XCBuildConfiguration;
			buildSettings = {
				ALWAYS_SEARCH_USER_PATHS = NO;
				CLANG_ANALYZER_NONNULL = YES;
				CLANG_CXX_LANGUAGE_STANDARD = "gnu++0x";
				CLANG_CXX_LIBRARY = "libc++";
				CLANG_ENABLE_MODULES = YES;
				CLANG_ENABLE_OBJC_ARC = YES;
				CLANG_WARN_BOOL_CONVERSION = YES;
				CLANG_WARN_CONSTANT_CONVERSION = YES;
				CLANG_WARN_DIRECT_OBJC_ISA_USAGE = YES_ERROR;
				CLANG_WARN_DOCUMENTATION_COMMENTS = YES;
				CLANG_WARN_EMPTY_BODY = YES;
				CLANG_WARN_ENUM_CONVERSION = YES;
				CLANG_WARN_INFINITE_RECURSION = YES;
				CLANG_WARN_INT_CONVERSION = YES;
				CLANG_WARN_OBJC_ROOT_CLASS = YES_ERROR;
				CLANG_WARN_SUSPICIOUS_MOVE = YES;
				CLANG_WARN_UNREACHABLE_CODE = YES;
				CLANG_WARN__DUPLICATE_METHOD_MATCH = YES;
				"CODE_SIGN_IDENTITY[sdk=iphoneos*]" = "iPhone Developer";
				COPY_PHASE_STRIP = NO;
				DEBUG_INFORMATION_FORMAT = "dwarf-with-dsym";
				ENABLE_NS_ASSERTIONS = NO;
				ENABLE_STRICT_OBJC_MSGSEND = YES;
				GCC_C_LANGUAGE_STANDARD = gnu99;
				GCC_NO_COMMON_BLOCKS = YES;
				GCC_WARN_64_TO_32_BIT_CONVERSION = YES;
				GCC_WARN_ABOUT_RETURN_TYPE = YES_ERROR;
				GCC_WARN_UNDECLARED_SELECTOR = YES;
				GCC_WARN_UNINITIALIZED_AUTOS = YES_AGGRESSIVE;
				GCC_WARN_UNUSED_FUNCTION = YES;
				GCC_WARN_UNUSED_VARIABLE = YES;
				IPHONEOS_DEPLOYMENT_TARGET = 9.3;
				MTL_ENABLE_DEBUG_INFO = NO;
				SDKROOT = iphoneos;
				SWIFT_OPTIMIZATION_LEVEL = "-Owholemodule";
				TARGETED_DEVICE_FAMILY = "1,2";
				VALIDATE_PRODUCT = YES;
			};
			name = Release;
		};
		576B68581E37ECB200BBB2B0 /* Debug */ = {
			isa = XCBuildConfiguration;
			baseConfigurationReference = 28DBB888F8F8A5CB7A2C86B6 /* Pods-SilentParty.debug.xcconfig */;
			buildSettings = {
				ASSETCATALOG_COMPILER_APPICON_NAME = AppIcon;
				CLANG_ENABLE_MODULES = YES;
				DEVELOPMENT_TEAM = A994MD2MCE;
				INFOPLIST_FILE = SilentParty/Info.plist;
				LD_RUNPATH_SEARCH_PATHS = "$(inherited) @executable_path/Frameworks";
				PRODUCT_BUNDLE_IDENTIFIER = Beene.SilentParty;
				PRODUCT_NAME = "$(TARGET_NAME)";
				SWIFT_OBJC_BRIDGING_HEADER = "SilentParty/SilentParty-Bridging-Header.h";
				SWIFT_OPTIMIZATION_LEVEL = "-Onone";
				SWIFT_VERSION = 3.0;
			};
			name = Debug;
		};
		576B68591E37ECB200BBB2B0 /* Release */ = {
			isa = XCBuildConfiguration;
			baseConfigurationReference = 17277A9D6C224778983B9BE5 /* Pods-SilentParty.release.xcconfig */;
			buildSettings = {
				ASSETCATALOG_COMPILER_APPICON_NAME = AppIcon;
				CLANG_ENABLE_MODULES = YES;
				DEVELOPMENT_TEAM = A994MD2MCE;
				INFOPLIST_FILE = SilentParty/Info.plist;
				LD_RUNPATH_SEARCH_PATHS = "$(inherited) @executable_path/Frameworks";
				PRODUCT_BUNDLE_IDENTIFIER = Beene.SilentParty;
				PRODUCT_NAME = "$(TARGET_NAME)";
				SWIFT_OBJC_BRIDGING_HEADER = "SilentParty/SilentParty-Bridging-Header.h";
				SWIFT_VERSION = 3.0;
			};
			name = Release;
		};
		576B685B1E37ECB200BBB2B0 /* Debug */ = {
			isa = XCBuildConfiguration;
			baseConfigurationReference = 017022253F695285B8FC07EF /* Pods-SilentPartyTests.debug.xcconfig */;
			buildSettings = {
				ALWAYS_EMBED_SWIFT_STANDARD_LIBRARIES = YES;
				BUNDLE_LOADER = "$(TEST_HOST)";
				DEVELOPMENT_TEAM = A994MD2MCE;
				INFOPLIST_FILE = SilentPartyTests/Info.plist;
				LD_RUNPATH_SEARCH_PATHS = "$(inherited) @executable_path/Frameworks @loader_path/Frameworks";
				PRODUCT_BUNDLE_IDENTIFIER = Beene.SilentPartyTests;
				PRODUCT_NAME = "$(TARGET_NAME)";
				SWIFT_VERSION = 3.0;
				TEST_HOST = "$(BUILT_PRODUCTS_DIR)/SilentParty.app/SilentParty";
			};
			name = Debug;
		};
		576B685C1E37ECB200BBB2B0 /* Release */ = {
			isa = XCBuildConfiguration;
			baseConfigurationReference = 216A6CE1D939C742E3826113 /* Pods-SilentPartyTests.release.xcconfig */;
			buildSettings = {
				ALWAYS_EMBED_SWIFT_STANDARD_LIBRARIES = YES;
				BUNDLE_LOADER = "$(TEST_HOST)";
				DEVELOPMENT_TEAM = A994MD2MCE;
				INFOPLIST_FILE = SilentPartyTests/Info.plist;
				LD_RUNPATH_SEARCH_PATHS = "$(inherited) @executable_path/Frameworks @loader_path/Frameworks";
				PRODUCT_BUNDLE_IDENTIFIER = Beene.SilentPartyTests;
				PRODUCT_NAME = "$(TARGET_NAME)";
				SWIFT_VERSION = 3.0;
				TEST_HOST = "$(BUILT_PRODUCTS_DIR)/SilentParty.app/SilentParty";
			};
			name = Release;
		};
/* End XCBuildConfiguration section */

/* Begin XCConfigurationList section */
		576B68351E37ECB200BBB2B0 /* Build configuration list for PBXProject "SilentParty" */ = {
			isa = XCConfigurationList;
			buildConfigurations = (
				576B68551E37ECB200BBB2B0 /* Debug */,
				576B68561E37ECB200BBB2B0 /* Release */,
			);
			defaultConfigurationIsVisible = 0;
			defaultConfigurationName = Release;
		};
		576B68571E37ECB200BBB2B0 /* Build configuration list for PBXNativeTarget "SilentParty" */ = {
			isa = XCConfigurationList;
			buildConfigurations = (
				576B68581E37ECB200BBB2B0 /* Debug */,
				576B68591E37ECB200BBB2B0 /* Release */,
			);
			defaultConfigurationIsVisible = 0;
			defaultConfigurationName = Release;
		};
		576B685A1E37ECB200BBB2B0 /* Build configuration list for PBXNativeTarget "SilentPartyTests" */ = {
			isa = XCConfigurationList;
			buildConfigurations = (
				576B685B1E37ECB200BBB2B0 /* Debug */,
				576B685C1E37ECB200BBB2B0 /* Release */,
			);
			defaultConfigurationIsVisible = 0;
			defaultConfigurationName = Release;
		};
/* End XCConfigurationList section */
	};
	rootObject = 576B68321E37ECB200BBB2B0 /* Project object */;
}
